// !$*UTF8*$!
{
	archiveVersion = 1;
	classes = {
	};
	objectVersion = 46;
	objects = {

/* Begin PBXBuildFile section */
		709B48271DEC789700BDFA03 /* STQRCodeAlert.m in Sources */ = {isa = PBXBuildFile; fileRef = 709B48261DEC789700BDFA03 /* STQRCodeAlert.m */; };
		709B482A1DEC793400BDFA03 /* STQRCodeConst.m in Sources */ = {isa = PBXBuildFile; fileRef = 709B48291DEC793400BDFA03 /* STQRCodeConst.m */; };
		709B482D1DEC799B00BDFA03 /* STQRCodeReaderView.m in Sources */ = {isa = PBXBuildFile; fileRef = 709B482C1DEC799B00BDFA03 /* STQRCodeReaderView.m */; };
		709B48301DEC7C0300BDFA03 /* STQRCodeController.m in Sources */ = {isa = PBXBuildFile; fileRef = 709B482F1DEC7C0300BDFA03 /* STQRCodeController.m */; };
		70CF5A971DED174100BFF2DE /* STQRCodeController.bundle in Resources */ = {isa = PBXBuildFile; fileRef = 70CF5A961DED174100BFF2DE /* STQRCodeController.bundle */; };
		70CF5A991DED17B400BFF2DE /* Assets.xcassets in Resources */ = {isa = PBXBuildFile; fileRef = 70CF5A981DED17B400BFF2DE /* Assets.xcassets */; };
		70CF5A9F1DED182500BFF2DE /* NSBundle+STQRCodeController.m in Sources */ = {isa = PBXBuildFile; fileRef = 70CF5A9E1DED182500BFF2DE /* NSBundle+STQRCodeController.m */; };
		70E52C991DEC337E009863BD /* main.m in Sources */ = {isa = PBXBuildFile; fileRef = 70E52C981DEC337E009863BD /* main.m */; };
		70E52C9C1DEC337E009863BD /* AppDelegate.m in Sources */ = {isa = PBXBuildFile; fileRef = 70E52C9B1DEC337E009863BD /* AppDelegate.m */; };
		70E52CA71DEC337E009863BD /* LaunchScreen.storyboard in Resources */ = {isa = PBXBuildFile; fileRef = 70E52CA51DEC337E009863BD /* LaunchScreen.storyboard */; };
		70E52CBD1DEC341B009863BD /* TestController.m in Sources */ = {isa = PBXBuildFile; fileRef = 70E52CBC1DEC341B009863BD /* TestController.m */; };
/* End PBXBuildFile section */

/* Begin PBXFileReference section */
		709B48251DEC789700BDFA03 /* STQRCodeAlert.h */ = {isa = PBXFileReference; fileEncoding = 4; lastKnownFileType = sourcecode.c.h; path = STQRCodeAlert.h; sourceTree = "<group>"; };
		709B48261DEC789700BDFA03 /* STQRCodeAlert.m */ = {isa = PBXFileReference; fileEncoding = 4; lastKnownFileType = sourcecode.c.objc; path = STQRCodeAlert.m; sourceTree = "<group>"; };
		709B48281DEC793400BDFA03 /* STQRCodeConst.h */ = {isa = PBXFileReference; fileEncoding = 4; lastKnownFileType = sourcecode.c.h; path = STQRCodeConst.h; sourceTree = "<group>"; };
		709B48291DEC793400BDFA03 /* STQRCodeConst.m */ = {isa = PBXFileReference; fileEncoding = 4; lastKnownFileType = sourcecode.c.objc; path = STQRCodeConst.m; sourceTree = "<group>"; };
		709B482B1DEC799B00BDFA03 /* STQRCodeReaderView.h */ = {isa = PBXFileReference; fileEncoding = 4; lastKnownFileType = sourcecode.c.h; path = STQRCodeReaderView.h; sourceTree = "<group>"; };
		709B482C1DEC799B00BDFA03 /* STQRCodeReaderView.m */ = {isa = PBXFileReference; fileEncoding = 4; lastKnownFileType = sourcecode.c.objc; path = STQRCodeReaderView.m; sourceTree = "<group>"; };
		709B482E1DEC7C0300BDFA03 /* STQRCodeController.h */ = {isa = PBXFileReference; fileEncoding = 4; lastKnownFileType = sourcecode.c.h; path = STQRCodeController.h; sourceTree = "<group>"; };
		709B482F1DEC7C0300BDFA03 /* STQRCodeController.m */ = {isa = PBXFileReference; fileEncoding = 4; lastKnownFileType = sourcecode.c.objc; path = STQRCodeController.m; sourceTree = "<group>"; };
		70CF5A961DED174100BFF2DE /* STQRCodeController.bundle */ = {isa = PBXFileReference; lastKnownFileType = "wrapper.plug-in"; path = STQRCodeController.bundle; sourceTree = "<group>"; };
		70CF5A981DED17B400BFF2DE /* Assets.xcassets */ = {isa = PBXFileReference; lastKnownFileType = folder.assetcatalog; path = Assets.xcassets; sourceTree = "<group>"; };
		70CF5A9D1DED182500BFF2DE /* NSBundle+STQRCodeController.h */ = {isa = PBXFileReference; fileEncoding = 4; lastKnownFileType = sourcecode.c.h; path = "NSBundle+STQRCodeController.h"; sourceTree = "<group>"; };
		70CF5A9E1DED182500BFF2DE /* NSBundle+STQRCodeController.m */ = {isa = PBXFileReference; fileEncoding = 4; lastKnownFileType = sourcecode.c.objc; path = "NSBundle+STQRCodeController.m"; sourceTree = "<group>"; };
		70E52C941DEC337E009863BD /* STQRCodeController.app */ = {isa = PBXFileReference; explicitFileType = wrapper.application; includeInIndex = 0; path = STQRCodeController.app; sourceTree = BUILT_PRODUCTS_DIR; };
		70E52C981DEC337E009863BD /* main.m */ = {isa = PBXFileReference; lastKnownFileType = sourcecode.c.objc; path = main.m; sourceTree = "<group>"; };
		70E52C9A1DEC337E009863BD /* AppDelegate.h */ = {isa = PBXFileReference; lastKnownFileType = sourcecode.c.h; path = AppDelegate.h; sourceTree = "<group>"; };
		70E52C9B1DEC337E009863BD /* AppDelegate.m */ = {isa = PBXFileReference; lastKnownFileType = sourcecode.c.objc; path = AppDelegate.m; sourceTree = "<group>"; };
		70E52CA61DEC337E009863BD /* Base */ = {isa = PBXFileReference; lastKnownFileType = file.storyboard; name = Base; path = Base.lproj/LaunchScreen.storyboard; sourceTree = "<group>"; };
		70E52CA81DEC337E009863BD /* Info.plist */ = {isa = PBXFileReference; lastKnownFileType = text.plist.xml; path = Info.plist; sourceTree = "<group>"; };
		70E52CBB1DEC341B009863BD /* TestController.h */ = {isa = PBXFileReference; fileEncoding = 4; lastKnownFileType = sourcecode.c.h; path = TestController.h; sourceTree = "<group>"; };
		70E52CBC1DEC341B009863BD /* TestController.m */ = {isa = PBXFileReference; fileEncoding = 4; lastKnownFileType = sourcecode.c.objc; path = TestController.m; sourceTree = "<group>"; };
/* End PBXFileReference section */

/* Begin PBXFrameworksBuildPhase section */
		70E52C911DEC337E009863BD /* Frameworks */ = {
			isa = PBXFrameworksBuildPhase;
			buildActionMask = 2147483647;
			files = (
			);
			runOnlyForDeploymentPostprocessing = 0;
		};
/* End PBXFrameworksBuildPhase section */

/* Begin PBXGroup section */
		70CF5A951DED10AE00BFF2DE /* Resource */ = {
			isa = PBXGroup;
			children = (
				70CF5A961DED174100BFF2DE /* STQRCodeController.bundle */,
			);
			path = Resource;
			sourceTree = "<group>";
		};
		70E52C8B1DEC337E009863BD = {
			isa = PBXGroup;
			children = (
				70E52C961DEC337E009863BD /* STQRCodeController */,
				70E52C951DEC337E009863BD /* Products */,
			);
			sourceTree = "<group>";
		};
		70E52C951DEC337E009863BD /* Products */ = {
			isa = PBXGroup;
			children = (
				70E52C941DEC337E009863BD /* STQRCodeController.app */,
			);
			name = Products;
			sourceTree = "<group>";
		};
		70E52C961DEC337E009863BD /* STQRCodeController */ = {
			isa = PBXGroup;
			children = (
				70CF5A981DED17B400BFF2DE /* Assets.xcassets */,
				70CF5A951DED10AE00BFF2DE /* Resource */,
				70E52CAE1DEC33E7009863BD /* STQRCodeController */,
				70E52C9A1DEC337E009863BD /* AppDelegate.h */,
				70E52C9B1DEC337E009863BD /* AppDelegate.m */,
				70E52CBB1DEC341B009863BD /* TestController.h */,
				70E52CBC1DEC341B009863BD /* TestController.m */,
				70E52CA51DEC337E009863BD /* LaunchScreen.storyboard */,
				70E52CA81DEC337E009863BD /* Info.plist */,
				70E52C971DEC337E009863BD /* Supporting Files */,
			);
			path = STQRCodeController;
			sourceTree = "<group>";
		};
		70E52C971DEC337E009863BD /* Supporting Files */ = {
			isa = PBXGroup;
			children = (
				70E52C981DEC337E009863BD /* main.m */,
			);
			name = "Supporting Files";
			sourceTree = "<group>";
		};
		70E52CAE1DEC33E7009863BD /* STQRCodeController */ = {
			isa = PBXGroup;
			children = (
				709B48251DEC789700BDFA03 /* STQRCodeAlert.h */,
				709B48261DEC789700BDFA03 /* STQRCodeAlert.m */,
				709B48281DEC793400BDFA03 /* STQRCodeConst.h */,
				709B48291DEC793400BDFA03 /* STQRCodeConst.m */,
				709B482B1DEC799B00BDFA03 /* STQRCodeReaderView.h */,
				709B482C1DEC799B00BDFA03 /* STQRCodeReaderView.m */,
				709B482E1DEC7C0300BDFA03 /* STQRCodeController.h */,
				709B482F1DEC7C0300BDFA03 /* STQRCodeController.m */,
				70CF5A9D1DED182500BFF2DE /* NSBundle+STQRCodeController.h */,
				70CF5A9E1DED182500BFF2DE /* NSBundle+STQRCodeController.m */,
			);
			path = STQRCodeController;
			sourceTree = "<group>";
		};
/* End PBXGroup section */

/* Begin PBXNativeTarget section */
		70E52C931DEC337E009863BD /* STQRCodeController */ = {
			isa = PBXNativeTarget;
			buildConfigurationList = 70E52CAB1DEC337E009863BD /* Build configuration list for PBXNativeTarget "STQRCodeController" */;
			buildPhases = (
				70E52C901DEC337E009863BD /* Sources */,
				70E52C911DEC337E009863BD /* Frameworks */,
				70E52C921DEC337E009863BD /* Resources */,
			);
			buildRules = (
			);
			dependencies = (
			);
			name = STQRCodeController;
			productName = STQRCodeController;
			productReference = 70E52C941DEC337E009863BD /* STQRCodeController.app */;
			productType = "com.apple.product-type.application";
		};
/* End PBXNativeTarget section */

/* Begin PBXProject section */
		70E52C8C1DEC337E009863BD /* Project object */ = {
			isa = PBXProject;
			attributes = {
				LastUpgradeCheck = 0810;
				ORGANIZATIONNAME = ST;
				TargetAttributes = {
					70E52C931DEC337E009863BD = {
						CreatedOnToolsVersion = 8.1;
						DevelopmentTeam = Z25J3BA353;
						ProvisioningStyle = Automatic;
					};
				};
			};
			buildConfigurationList = 70E52C8F1DEC337E009863BD /* Build configuration list for PBXProject "STQRCodeController" */;
			compatibilityVersion = "Xcode 3.2";
			developmentRegion = English;
			hasScannedForEncodings = 0;
			knownRegions = (
				en,
				Base,
			);
			mainGroup = 70E52C8B1DEC337E009863BD;
			productRefGroup = 70E52C951DEC337E009863BD /* Products */;
			projectDirPath = "";
			projectRoot = "";
			targets = (
				70E52C931DEC337E009863BD /* STQRCodeController */,
			);
		};
/* End PBXProject section */

/* Begin PBXResourcesBuildPhase section */
		70E52C921DEC337E009863BD /* Resources */ = {
			isa = PBXResourcesBuildPhase;
			buildActionMask = 2147483647;
			files = (
				70CF5A971DED174100BFF2DE /* STQRCodeController.bundle in Resources */,
				70CF5A991DED17B400BFF2DE /* Assets.xcassets in Resources */,
				70E52CA71DEC337E009863BD /* LaunchScreen.storyboard in Resources */,
			);
			runOnlyForDeploymentPostprocessing = 0;
		};
/* End PBXResourcesBuildPhase section */

/* Begin PBXSourcesBuildPhase section */
		70E52C901DEC337E009863BD /* Sources */ = {
			isa = PBXSourcesBuildPhase;
			buildActionMask = 2147483647;
			files = (
				709B48301DEC7C0300BDFA03 /* STQRCodeController.m in Sources */,
				70E52C9C1DEC337E009863BD /* AppDelegate.m in Sources */,
				70CF5A9F1DED182500BFF2DE /* NSBundle+STQRCodeController.m in Sources */,
				70E52CBD1DEC341B009863BD /* TestController.m in Sources */,
				709B482D1DEC799B00BDFA03 /* STQRCodeReaderView.m in Sources */,
				70E52C991DEC337E009863BD /* main.m in Sources */,
				709B482A1DEC793400BDFA03 /* STQRCodeConst.m in Sources */,
				709B48271DEC789700BDFA03 /* STQRCodeAlert.m in Sources */,
			);
			runOnlyForDeploymentPostprocessing = 0;
		};
/* End PBXSourcesBuildPhase section */

/* Begin PBXVariantGroup section */
		70E52CA51DEC337E009863BD /* LaunchScreen.storyboard */ = {
			isa = PBXVariantGroup;
			children = (
				70E52CA61DEC337E009863BD /* Base */,
			);
			name = LaunchScreen.storyboard;
			sourceTree = "<group>";
		};
/* End PBXVariantGroup section */

/* Begin XCBuildConfiguration section */
		70E52CA91DEC337E009863BD /* Debug */ = {
			isa = XCBuildConfiguration;
			buildSettings = {
				ALWAYS_SEARCH_USER_PATHS = NO;
				CLANG_ANALYZER_NONNULL = YES;
				CLANG_CXX_LANGUAGE_STANDARD = "gnu++0x";
				CLANG_CXX_LIBRARY = "libc++";
				CLANG_ENABLE_MODULES = YES;
				CLANG_ENABLE_OBJC_ARC = YES;
				CLANG_WARN_BOOL_CONVERSION = YES;
				CLANG_WARN_CONSTANT_CONVERSION = YES;
				CLANG_WARN_DIRECT_OBJC_ISA_USAGE = YES_ERROR;
				CLANG_WARN_DOCUMENTATION_COMMENTS = YES;
				CLANG_WARN_EMPTY_BODY = YES;
				CLANG_WARN_ENUM_CONVERSION = YES;
				CLANG_WARN_INFINITE_RECURSION = YES;
				CLANG_WARN_INT_CONVERSION = YES;
				CLANG_WARN_OBJC_ROOT_CLASS = YES_ERROR;
				CLANG_WARN_SUSPICIOUS_MOVES = YES;
				CLANG_WARN_UNREACHABLE_CODE = YES;
				CLANG_WARN__DUPLICATE_METHOD_MATCH = YES;
				"CODE_SIGN_IDENTITY[sdk=iphoneos*]" = "iPhone Developer";
				COPY_PHASE_STRIP = NO;
				DEBUG_INFORMATION_FORMAT = dwarf;
				ENABLE_STRICT_OBJC_MSGSEND = YES;
				ENABLE_TESTABILITY = YES;
				GCC_C_LANGUAGE_STANDARD = gnu99;
				GCC_DYNAMIC_NO_PIC = NO;
				GCC_NO_COMMON_BLOCKS = YES;
				GCC_OPTIMIZATION_LEVEL = 0;
				GCC_PREPROCESSOR_DEFINITIONS = (
					"DEBUG=1",
					"$(inherited)",
				);
				GCC_WARN_64_TO_32_BIT_CONVERSION = YES;
				GCC_WARN_ABOUT_RETURN_TYPE = YES_ERROR;
				GCC_WARN_UNDECLARED_SELECTOR = YES;
				GCC_WARN_UNINITIALIZED_AUTOS = YES_AGGRESSIVE;
				GCC_WARN_UNUSED_FUNCTION = YES;
				GCC_WARN_UNUSED_VARIABLE = YES;
				IPHONEOS_DEPLOYMENT_TARGET = 10.1;
				MTL_ENABLE_DEBUG_INFO = YES;
				ONLY_ACTIVE_ARCH = YES;
				SDKROOT = iphoneos;
			};
			name = Debug;
		};
		70E52CAA1DEC337E009863BD /* Release */ = {
			isa = XCBuildConfiguration;
			buildSettings = {
				ALWAYS_SEARCH_USER_PATHS = NO;
				CLANG_ANALYZER_NONNULL = YES;
				CLANG_CXX_LANGUAGE_STANDARD = "gnu++0x";
				CLANG_CXX_LIBRARY = "libc++";
				CLANG_ENABLE_MODULES = YES;
				CLANG_ENABLE_OBJC_ARC = YES;
				CLANG_WARN_BOOL_CONVERSION = YES;
				CLANG_WARN_CONSTANT_CONVERSION = YES;
				CLANG_WARN_DIRECT_OBJC_ISA_USAGE = YES_ERROR;
				CLANG_WARN_DOCUMENTATION_COMMENTS = YES;
				CLANG_WARN_EMPTY_BODY = YES;
				CLANG_WARN_ENUM_CONVERSION = YES;
				CLANG_WARN_INFINITE_RECURSION = YES;
				CLANG_WARN_INT_CONVERSION = YES;
				CLANG_WARN_OBJC_ROOT_CLASS = YES_ERROR;
				CLANG_WARN_SUSPICIOUS_MOVES = YES;
				CLANG_WARN_UNREACHABLE_CODE = YES;
				CLANG_WARN__DUPLICATE_METHOD_MATCH = YES;
				"CODE_SIGN_IDENTITY[sdk=iphoneos*]" = "iPhone Developer";
				COPY_PHASE_STRIP = NO;
				DEBUG_INFORMATION_FORMAT = "dwarf-with-dsym";
				ENABLE_NS_ASSERTIONS = NO;
				ENABLE_STRICT_OBJC_MSGSEND = YES;
				GCC_C_LANGUAGE_STANDARD = gnu99;
				GCC_NO_COMMON_BLOCKS = YES;
				GCC_WARN_64_TO_32_BIT_CONVERSION = YES;
				GCC_WARN_ABOUT_RETURN_TYPE = YES_ERROR;
				GCC_WARN_UNDECLARED_SELECTOR = YES;
				GCC_WARN_UNINITIALIZED_AUTOS = YES_AGGRESSIVE;
				GCC_WARN_UNUSED_FUNCTION = YES;
				GCC_WARN_UNUSED_VARIABLE = YES;
				IPHONEOS_DEPLOYMENT_TARGET = 10.1;
				MTL_ENABLE_DEBUG_INFO = NO;
				SDKROOT = iphoneos;
				VALIDATE_PRODUCT = YES;
			};
			name = Release;
		};
		70E52CAC1DEC337E009863BD /* Debug */ = {
			isa = XCBuildConfiguration;
			buildSettings = {
				ASSETCATALOG_COMPILER_APPICON_NAME = AppIcon;
				DEVELOPMENT_TEAM = Z25J3BA353;
				INFOPLIST_FILE = STQRCodeController/Info.plist;
				IPHONEOS_DEPLOYMENT_TARGET = 8.0;
				LD_RUNPATH_SEARCH_PATHS = "$(inherited) @executable_path/Frameworks";
				PRODUCT_BUNDLE_IDENTIFIER = com.st.cn.test;
				PRODUCT_NAME = "$(TARGET_NAME)";
			};
			name = Debug;
		};
		70E52CAD1DEC337E009863BD /* Release */ = {
			isa = XCBuildConfiguration;
			buildSettings = {
				ASSETCATALOG_COMPILER_APPICON_NAME = AppIcon;
				DEVELOPMENT_TEAM = Z25J3BA353;
				INFOPLIST_FILE = STQRCodeController/Info.plist;
				IPHONEOS_DEPLOYMENT_TARGET = 8.0;
				LD_RUNPATH_SEARCH_PATHS = "$(inherited) @executable_path/Frameworks";
				PRODUCT_BUNDLE_IDENTIFIER = com.st.cn.test;
				PRODUCT_NAME = "$(TARGET_NAME)";
			};
			name = Release;
		};
/* End XCBuildConfiguration section */

/* Begin XCConfigurationList section */
		70E52C8F1DEC337E009863BD /* Build configuration list for PBXProject "STQRCodeController" */ = {
			isa = XCConfigurationList;
			buildConfigurations = (
				70E52CA91DEC337E009863BD /* Debug */,
				70E52CAA1DEC337E009863BD /* Release */,
			);
			defaultConfigurationIsVisible = 0;
			defaultConfigurationName = Release;
		};
		70E52CAB1DEC337E009863BD /* Build configuration list for PBXNativeTarget "STQRCodeController" */ = {
			isa = XCConfigurationList;
			buildConfigurations = (
				70E52CAC1DEC337E009863BD /* Debug */,
				70E52CAD1DEC337E009863BD /* Release */,
			);
			defaultConfigurationIsVisible = 0;
			defaultConfigurationName = Release;
		};
/* End XCConfigurationList section */
	};
	rootObject = 70E52C8C1DEC337E009863BD /* Project object */;
}
